
Microsoft Visual Studio Solution File, Format Version 12.00
# Visual Studio Version 17
VisualStudioVersion = 17.8.34316.72
MinimumVisualStudioVersion = 10.0.40219.1
Project("{9A19103F-16F7-4668-BE54-9A1E7A4F7556}") = "WpfAppDataGrid", "WpfAppDataGrid\WpfAppDataGrid.csproj", "{92C7DC2A-48E7-438D-933B-88563547B3DE}"
EndProject
Global
	GlobalSection(SolutionConfigurationPlatforms) = preSolution
		Debug|Any CPU = Debug|Any CPU
		Release|Any CPU = Release|Any CPU
	EndGlobalSection
	GlobalSection(ProjectConfigurationPlatforms) = postSolution
		{92C7DC2A-48E7-438D-933B-88563547B3DE}.Debug|Any CPU.ActiveCfg = Debug|Any CPU
		{92C7DC2A-48E7-438D-933B-88563547B3DE}.Release|Any CPU.ActiveCfg = Release|Any CPU
		{92C7DC2A-48E7-438D-933B-88563547B3DE}.Release|Any CPU.Build.0 = Release|Any CPU
	EndGlobalSection
	GlobalSection(SolutionProperties) = preSolution
		HideSolutionNode = FALSE
	EndGlobalSection
	GlobalSection(ExtensibilityGlobals) = postSolution
		SolutionGuid = {38A193E0-AEC6-4655-AC00-37E990951F91}
	EndGlobalSection
EndGlobal
